
Microsoft Visual Studio Solution File, Format Version 12.00
# Visual Studio Version 17
VisualStudioVersion = 17.0.32014.148
MinimumVisualStudioVersion = 10.0.40219.1
Project("{9A19103F-16F7-4668-BE54-9A1E7A4F7556}") = "EntityCreator", "EntityCreator\EntityCreator.csproj", "{971BC9E6-07DA-4307-859E-D27DE8380C01}"
EndProject
Project("{9A19103F-16F7-4668-BE54-9A1E7A4F7556}") = "EntityDto", "EntityDataContract\EntityDto.csproj", "{EAD66331-7873-4CDA-B737-804B5D165F2F}"
EndProject
Project("{9A19103F-16F7-4668-BE54-9A1E7A4F7556}") = "EntityPresentorProj", "EntityPresentorProj\EntityPresentorProj.csproj", "{6C0617AD-4261-4075-B7E0-2ABD1DD28C93}"
EndProject
Global
	GlobalSection(SolutionConfigurationPlatforms) = preSolution
		Debug|Any CPU = Debug|Any CPU
		Release|Any CPU = Release|Any CPU
	EndGlobalSection
	GlobalSection(ProjectConfigurationPlatforms) = postSolution
		{971BC9E6-07DA-4307-859E-D27DE8380C01}.Debug|Any CPU.ActiveCfg = Debug|Any CPU
		{971BC9E6-07DA-4307-859E-D27DE8380C01}.Debug|Any CPU.Build.0 = Debug|Any CPU
		{971BC9E6-07DA-4307-859E-D27DE8380C01}.Release|Any CPU.ActiveCfg = Release|Any CPU
		{971BC9E6-07DA-4307-859E-D27DE8380C01}.Release|Any CPU.Build.0 = Release|Any CPU
		{EAD66331-7873-4CDA-B737-804B5D165F2F}.Debug|Any CPU.ActiveCfg = Debug|Any CPU
		{EAD66331-7873-4CDA-B737-804B5D165F2F}.Debug|Any CPU.Build.0 = Debug|Any CPU
		{EAD66331-7873-4CDA-B737-804B5D165F2F}.Release|Any CPU.ActiveCfg = Release|Any CPU
		{EAD66331-7873-4CDA-B737-804B5D165F2F}.Release|Any CPU.Build.0 = Release|Any CPU
		{6C0617AD-4261-4075-B7E0-2ABD1DD28C93}.Debug|Any CPU.ActiveCfg = Debug|Any CPU
		{6C0617AD-4261-4075-B7E0-2ABD1DD28C93}.Debug|Any CPU.Build.0 = Debug|Any CPU
		{6C0617AD-4261-4075-B7E0-2ABD1DD28C93}.Release|Any CPU.ActiveCfg = Release|Any CPU
		{6C0617AD-4261-4075-B7E0-2ABD1DD28C93}.Release|Any CPU.Build.0 = Release|Any CPU
	EndGlobalSection
	GlobalSection(SolutionProperties) = preSolution
		HideSolutionNode = FALSE
	EndGlobalSection
	GlobalSection(ExtensibilityGlobals) = postSolution
		SolutionGuid = {8072A90D-00FC-4947-A7D8-EA089B8FB586}
	EndGlobalSection
EndGlobal
